{
  "name": "reproduce-pnpm-issue",
  "version": "1.0.0",
  "lockfileVersion": 3,
  "requires": true,
  "packages": {
    "": {
      "name": "reproduce-pnpm-issue",
      "version": "1.0.0",
      "hasInstallScript": true,
      "devDependencies": {
        "typescript": "4.1.0-dev.20200804"
      },
      "engines": {
        "node": ">=22.16.0",
        "npm": "please-use-pnpm",
        "pnpm": ">=10.12.4",
        "yarn": "please-use-pnpm"
      }
    },
    "node_modules/typescript": {
      "version": "4.1.0-dev.20200804",
      "resolved": "https://registry.npmjs.org/typescript/-/typescript-4.1.0-dev.20200804.tgz",
      "integrity": "sha512-jbvJc9pFunwJz7u0JMjorH8AI+Me+gBVZUSKDPTBFWP4rVvQHCg1pJBQ9znGsOFzsxK+vexJKOXXbSWinw8ZQg==",
      "dev": true,
      "license": "Apache-2.0",
      "bin": {
        "tsc": "bin/tsc",
        "tsserver": "bin/tsserver"
      },
      "engines": {
        "node": ">=4.2.0"
      }
    }
  }
}
